
Microsoft Visual Studio Solution File, Format Version 12.00
# Visual Studio Version 16
VisualStudioVersion = 16.0.32228.343
MinimumVisualStudioVersion = 10.0.40219.1
Project("{FAE04EC0-301F-11D3-BF4B-00C04F79EFBC}") = "SupplyApp", "SupplyApp\SupplyApp.csproj", "{82486041-AACD-4CFB-BB1C-C51AEC81916B}"
EndProject
Global
	GlobalSection(SolutionConfigurationPlatforms) = preSolution
		Debug|Any CPU = Debug|Any CPU
		Release|Any CPU = Release|Any CPU
	EndGlobalSection
	GlobalSection(ProjectConfigurationPlatforms) = postSolution
		{82486041-AACD-4CFB-BB1C-C51AEC81916B}.Debug|Any CPU.ActiveCfg = Debug|Any CPU
		{82486041-AACD-4CFB-BB1C-C51AEC81916B}.Debug|Any CPU.Build.0 = Debug|Any CPU
		{82486041-AACD-4CFB-BB1C-C51AEC81916B}.Release|Any CPU.ActiveCfg = Release|Any CPU
		{82486041-AACD-4CFB-BB1C-C51AEC81916B}.Release|Any CPU.Build.0 = Release|Any CPU
	EndGlobalSection
	GlobalSection(SolutionProperties) = preSolution
		HideSolutionNode = FALSE
	EndGlobalSection
	GlobalSection(ExtensibilityGlobals) = postSolution
		SolutionGuid = {21EA2DD8-C321-4537-B6D0-A9715D48B34F}
	EndGlobalSection
EndGlobal
